
Microsoft Visual Studio Solution File, Format Version 12.00
# Visual Studio Version 16
VisualStudioVersion = 16.0.32002.261
MinimumVisualStudioVersion = 10.0.40219.1
Project("{FAE04EC0-301F-11D3-BF4B-00C04F79EFBC}") = "SistemaLojaCosmeticosInfo43", "SistemaLojaCosmeticosInfo43.csproj", "{D367A595-0423-4AC6-8BC1-D22162A98D99}"
EndProject
Global
	GlobalSection(SolutionConfigurationPlatforms) = preSolution
		Debug|Any CPU = Debug|Any CPU
		Release|Any CPU = Release|Any CPU
	EndGlobalSection
	GlobalSection(ProjectConfigurationPlatforms) = postSolution
		{D367A595-0423-4AC6-8BC1-D22162A98D99}.Debug|Any CPU.ActiveCfg = Debug|Any CPU
		{D367A595-0423-4AC6-8BC1-D22162A98D99}.Debug|Any CPU.Build.0 = Debug|Any CPU
		{D367A595-0423-4AC6-8BC1-D22162A98D99}.Release|Any CPU.ActiveCfg = Release|Any CPU
		{D367A595-0423-4AC6-8BC1-D22162A98D99}.Release|Any CPU.Build.0 = Release|Any CPU
	EndGlobalSection
	GlobalSection(SolutionProperties) = preSolution
		HideSolutionNode = FALSE
	EndGlobalSection
	GlobalSection(ExtensibilityGlobals) = postSolution
		SolutionGuid = {1E46CEC8-EC0E-48E5-BA65-E6F743AFE9B8}
	EndGlobalSection
EndGlobal
